// !$*UTF8*$!
{
	archiveVersion = 1;
	classes = {
	};
	objectVersion = 50;
	objects = {

/* Begin PBXBuildFile section */
		020F9850249A688A00DB4850 /* Model.swift in Sources */ = {isa = PBXBuildFile; fileRef = 020F984F249A688A00DB4850 /* Model.swift */; };
		020F9851249A688A00DB4850 /* Model.swift in Sources */ = {isa = PBXBuildFile; fileRef = 020F984F249A688A00DB4850 /* Model.swift */; };
		020F9853249A695900DB4850 /* Mesh.swift in Sources */ = {isa = PBXBuildFile; fileRef = 020F9852249A695900DB4850 /* Mesh.swift */; };
		020F9854249A695900DB4850 /* Mesh.swift in Sources */ = {isa = PBXBuildFile; fileRef = 020F9852249A695900DB4850 /* Mesh.swift */; };
		020F9856249A696300DB4850 /* Submesh.swift in Sources */ = {isa = PBXBuildFile; fileRef = 020F9855249A696300DB4850 /* Submesh.swift */; };
		020F9857249A696300DB4850 /* Submesh.swift in Sources */ = {isa = PBXBuildFile; fileRef = 020F9855249A696300DB4850 /* Submesh.swift */; };
		020F9865249A757C00DB4850 /* ViewController.swift in Sources */ = {isa = PBXBuildFile; fileRef = 020F9864249A757C00DB4850 /* ViewController.swift */; };
		020F9866249A757C00DB4850 /* ViewController.swift in Sources */ = {isa = PBXBuildFile; fileRef = 020F9864249A757C00DB4850 /* ViewController.swift */; };
		020F9868249A7C5900DB4850 /* Extensions.swift in Sources */ = {isa = PBXBuildFile; fileRef = 020F9867249A7C5900DB4850 /* Extensions.swift */; };
		020F9869249A7C5900DB4850 /* Extensions.swift in Sources */ = {isa = PBXBuildFile; fileRef = 020F9867249A7C5900DB4850 /* Extensions.swift */; };
		020FD8C224D4575A00B77CF2 /* Distributions.swift in Sources */ = {isa = PBXBuildFile; fileRef = 020FD8C124D4575A00B77CF2 /* Distributions.swift */; };
		020FD8C324D4575A00B77CF2 /* Distributions.swift in Sources */ = {isa = PBXBuildFile; fileRef = 020FD8C124D4575A00B77CF2 /* Distributions.swift */; };
		020FD8C524D4577200B77CF2 /* Common.swift in Sources */ = {isa = PBXBuildFile; fileRef = 020FD8C424D4577200B77CF2 /* Common.swift */; };
		020FD8C624D4577200B77CF2 /* Common.swift in Sources */ = {isa = PBXBuildFile; fileRef = 020FD8C424D4577200B77CF2 /* Common.swift */; };
		0217E77324D5C3130082D199 /* gaussian_noise_5.png in Resources */ = {isa = PBXBuildFile; fileRef = 0217E77224D5C3130082D199 /* gaussian_noise_5.png */; };
		0217E77424D5C3130082D199 /* gaussian_noise_5.png in Resources */ = {isa = PBXBuildFile; fileRef = 0217E77224D5C3130082D199 /* gaussian_noise_5.png */; };
		022B51E124B0E33B00FC5C81 /* Terrain.metal in Sources */ = {isa = PBXBuildFile; fileRef = 022B51E024B0E33B00FC5C81 /* Terrain.metal */; };
		022B51E224B0E33B00FC5C81 /* Terrain.metal in Sources */ = {isa = PBXBuildFile; fileRef = 022B51E024B0E33B00FC5C81 /* Terrain.metal */; };
		022B51E424B1772300FC5C81 /* mountain.png in Resources */ = {isa = PBXBuildFile; fileRef = 022B51E324B1772300FC5C81 /* mountain.png */; };
		022B51E524B1772300FC5C81 /* mountain.png in Resources */ = {isa = PBXBuildFile; fileRef = 022B51E324B1772300FC5C81 /* mountain.png */; };
		022B51EA24B22D2200FC5C81 /* Heightmap_Plateau.png in Resources */ = {isa = PBXBuildFile; fileRef = 022B51E624B22D2200FC5C81 /* Heightmap_Plateau.png */; };
		022B51EB24B22D2200FC5C81 /* Heightmap_Plateau.png in Resources */ = {isa = PBXBuildFile; fileRef = 022B51E624B22D2200FC5C81 /* Heightmap_Plateau.png */; };
		022B51EC24B22D2200FC5C81 /* Heightmap_Billow.png in Resources */ = {isa = PBXBuildFile; fileRef = 022B51E724B22D2200FC5C81 /* Heightmap_Billow.png */; };
		022B51ED24B22D2200FC5C81 /* Heightmap_Billow.png in Resources */ = {isa = PBXBuildFile; fileRef = 022B51E724B22D2200FC5C81 /* Heightmap_Billow.png */; };
		022B51EE24B22D2200FC5C81 /* Heightmap_Rocky.png in Resources */ = {isa = PBXBuildFile; fileRef = 022B51E824B22D2200FC5C81 /* Heightmap_Rocky.png */; };
		022B51EF24B22D2200FC5C81 /* Heightmap_Rocky.png in Resources */ = {isa = PBXBuildFile; fileRef = 022B51E824B22D2200FC5C81 /* Heightmap_Rocky.png */; };
		022B51F024B22D2200FC5C81 /* Heightmap_Mountain.png in Resources */ = {isa = PBXBuildFile; fileRef = 022B51E924B22D2200FC5C81 /* Heightmap_Mountain.png */; };
		022B51F124B22D2200FC5C81 /* Heightmap_Mountain.png in Resources */ = {isa = PBXBuildFile; fileRef = 022B51E924B22D2200FC5C81 /* Heightmap_Mountain.png */; };
		0231B80224CE877800C794B8 /* simuwater.jpg in Resources */ = {isa = PBXBuildFile; fileRef = 0231B80024CE877700C794B8 /* simuwater.jpg */; };
		0231B80324CE877800C794B8 /* simuwater.jpg in Resources */ = {isa = PBXBuildFile; fileRef = 0231B80024CE877700C794B8 /* simuwater.jpg */; };
		0231B80424CE877800C794B8 /* SimulatingWaterImage.jpg in Resources */ = {isa = PBXBuildFile; fileRef = 0231B80124CE877800C794B8 /* SimulatingWaterImage.jpg */; };
		0231B80524CE877800C794B8 /* SimulatingWaterImage.jpg in Resources */ = {isa = PBXBuildFile; fileRef = 0231B80124CE877800C794B8 /* SimulatingWaterImage.jpg */; };
		0231B80724CE87CB00C794B8 /* simuwater2.jpg in Resources */ = {isa = PBXBuildFile; fileRef = 0231B80624CE87CB00C794B8 /* simuwater2.jpg */; };
		0231B80824CE87CB00C794B8 /* simuwater2.jpg in Resources */ = {isa = PBXBuildFile; fileRef = 0231B80624CE87CB00C794B8 /* simuwater2.jpg */; };
		0236A745249D0A6C008F197E /* Texturable.swift in Sources */ = {isa = PBXBuildFile; fileRef = 0236A744249D0A6C008F197E /* Texturable.swift */; };
		0236A746249D0A6C008F197E /* Texturable.swift in Sources */ = {isa = PBXBuildFile; fileRef = 0236A744249D0A6C008F197E /* Texturable.swift */; };
		0236A74B249D182B008F197E /* lowpoly-house-color.png in Resources */ = {isa = PBXBuildFile; fileRef = 0236A748249D182B008F197E /* lowpoly-house-color.png */; };
		0236A74C249D182B008F197E /* lowpoly-house-color.png in Resources */ = {isa = PBXBuildFile; fileRef = 0236A748249D182B008F197E /* lowpoly-house-color.png */; };
		0236A74D249D182B008F197E /* lowpoly-house.obj in Resources */ = {isa = PBXBuildFile; fileRef = 0236A749249D182B008F197E /* lowpoly-house.obj */; };
		0236A74E249D182B008F197E /* lowpoly-house.obj in Resources */ = {isa = PBXBuildFile; fileRef = 0236A749249D182B008F197E /* lowpoly-house.obj */; };
		0236A74F249D182B008F197E /* lowpoly-house.mtl in Resources */ = {isa = PBXBuildFile; fileRef = 0236A74A249D182B008F197E /* lowpoly-house.mtl */; };
		0236A750249D182B008F197E /* lowpoly-house.mtl in Resources */ = {isa = PBXBuildFile; fileRef = 0236A74A249D182B008F197E /* lowpoly-house.mtl */; };
		0236A755249D2192008F197E /* plane.obj in Resources */ = {isa = PBXBuildFile; fileRef = 0236A752249D2192008F197E /* plane.obj */; };
		0236A756249D2192008F197E /* plane.obj in Resources */ = {isa = PBXBuildFile; fileRef = 0236A752249D2192008F197E /* plane.obj */; };
		0236A757249D2192008F197E /* plane.mtl in Resources */ = {isa = PBXBuildFile; fileRef = 0236A753249D2192008F197E /* plane.mtl */; };
		0236A758249D2192008F197E /* plane.mtl in Resources */ = {isa = PBXBuildFile; fileRef = 0236A753249D2192008F197E /* plane.mtl */; };
		0236A759249D2192008F197E /* ground.png in Resources */ = {isa = PBXBuildFile; fileRef = 0236A754249D2192008F197E /* ground.png */; };
		0236A75A249D2192008F197E /* ground.png in Resources */ = {isa = PBXBuildFile; fileRef = 0236A754249D2192008F197E /* ground.png */; };
		0236A75F249D5DFD008F197E /* Textures.xcassets in Resources */ = {isa = PBXBuildFile; fileRef = 0236A75E249D5DFD008F197E /* Textures.xcassets */; };
		0236A760249D5DFD008F197E /* Textures.xcassets in Resources */ = {isa = PBXBuildFile; fileRef = 0236A75E249D5DFD008F197E /* Textures.xcassets */; };
		0236A76A249D8ED6008F197E /* cottage1.obj in Resources */ = {isa = PBXBuildFile; fileRef = 0236A764249D8ED5008F197E /* cottage1.obj */; };
		0236A76B249D8ED6008F197E /* cottage1.obj in Resources */ = {isa = PBXBuildFile; fileRef = 0236A764249D8ED5008F197E /* cottage1.obj */; };
		0236A76C249D8ED6008F197E /* cottage2.obj in Resources */ = {isa = PBXBuildFile; fileRef = 0236A765249D8ED5008F197E /* cottage2.obj */; };
		0236A76D249D8ED6008F197E /* cottage2.obj in Resources */ = {isa = PBXBuildFile; fileRef = 0236A765249D8ED5008F197E /* cottage2.obj */; };
		0236A76E249D8ED6008F197E /* cottage1.mtl in Resources */ = {isa = PBXBuildFile; fileRef = 0236A766249D8ED5008F197E /* cottage1.mtl */; };
		0236A76F249D8ED6008F197E /* cottage1.mtl in Resources */ = {isa = PBXBuildFile; fileRef = 0236A766249D8ED5008F197E /* cottage1.mtl */; };
		0236A770249D8ED6008F197E /* cube.obj in Resources */ = {isa = PBXBuildFile; fileRef = 0236A767249D8ED5008F197E /* cube.obj */; };
		0236A771249D8ED6008F197E /* cube.obj in Resources */ = {isa = PBXBuildFile; fileRef = 0236A767249D8ED5008F197E /* cube.obj */; };
		0236A772249D8ED6008F197E /* cube.mtl in Resources */ = {isa = PBXBuildFile; fileRef = 0236A768249D8ED5008F197E /* cube.mtl */; };
		0236A773249D8ED6008F197E /* cube.mtl in Resources */ = {isa = PBXBuildFile; fileRef = 0236A768249D8ED5008F197E /* cube.mtl */; };
		0236A774249D8ED6008F197E /* cottage2.mtl in Resources */ = {isa = PBXBuildFile; fileRef = 0236A769249D8ED6008F197E /* cottage2.mtl */; };
		0236A775249D8ED6008F197E /* cottage2.mtl in Resources */ = {isa = PBXBuildFile; fileRef = 0236A769249D8ED6008F197E /* cottage2.mtl */; };
		023ADEF324BB543200478C87 /* Notes in Resources */ = {isa = PBXBuildFile; fileRef = 023ADEF224BB543200478C87 /* Notes */; };
		02419D56249850C100BCB203 /* AppDelegate.swift in Sources */ = {isa = PBXBuildFile; fileRef = 02419D55249850C100BCB203 /* AppDelegate.swift */; };
		02419D58249850C100BCB203 /* ViewControllerExtension.swift in Sources */ = {isa = PBXBuildFile; fileRef = 02419D57249850C100BCB203 /* ViewControllerExtension.swift */; };
		02419D5B249850C100BCB203 /* Main.storyboard in Resources */ = {isa = PBXBuildFile; fileRef = 02419D59249850C100BCB203 /* Main.storyboard */; };
		02419D5E249850C100BCB203 /* LaunchScreen.storyboard in Resources */ = {isa = PBXBuildFile; fileRef = 02419D5C249850C100BCB203 /* LaunchScreen.storyboard */; };
		02419D67249850C100BCB203 /* AppDelegate.swift in Sources */ = {isa = PBXBuildFile; fileRef = 02419D66249850C100BCB203 /* AppDelegate.swift */; };
		02419D69249850C100BCB203 /* ViewControllerExtension.swift in Sources */ = {isa = PBXBuildFile; fileRef = 02419D68249850C100BCB203 /* ViewControllerExtension.swift */; };
		02419D6C249850C100BCB203 /* Main.storyboard in Resources */ = {isa = PBXBuildFile; fileRef = 02419D6A249850C100BCB203 /* Main.storyboard */; };
		02419D6E249850C100BCB203 /* Shaders.metal in Sources */ = {isa = PBXBuildFile; fileRef = 02419D4A249850BF00BCB203 /* Shaders.metal */; };
		02419D6F249850C100BCB203 /* Shaders.metal in Sources */ = {isa = PBXBuildFile; fileRef = 02419D4A249850BF00BCB203 /* Shaders.metal */; };
		02419D70249850C100BCB203 /* Renderer.swift in Sources */ = {isa = PBXBuildFile; fileRef = 02419D4B249850BF00BCB203 /* Renderer.swift */; };
		02419D71249850C100BCB203 /* Renderer.swift in Sources */ = {isa = PBXBuildFile; fileRef = 02419D4B249850BF00BCB203 /* Renderer.swift */; };
		02419D72249850C100BCB203 /* ShaderTypes.h in Resources */ = {isa = PBXBuildFile; fileRef = 02419D4C249850BF00BCB203 /* ShaderTypes.h */; };
		02419D73249850C100BCB203 /* ShaderTypes.h in Resources */ = {isa = PBXBuildFile; fileRef = 02419D4C249850BF00BCB203 /* ShaderTypes.h */; };
		02419D7F249851C700BCB203 /* Math.swift in Sources */ = {isa = PBXBuildFile; fileRef = 02419D7E249851C700BCB203 /* Math.swift */; };
		02419D80249851C700BCB203 /* Math.swift in Sources */ = {isa = PBXBuildFile; fileRef = 02419D7E249851C700BCB203 /* Math.swift */; };
		02482E6B24DC4C750000B762 /* Water.metal in Sources */ = {isa = PBXBuildFile; fileRef = 02482E6A24DC4C750000B762 /* Water.metal */; };
		02482E6C24DC4C750000B762 /* Water.metal in Sources */ = {isa = PBXBuildFile; fileRef = 02482E6A24DC4C750000B762 /* Water.metal */; };
		02491AC924D21B170091395A /* BasicFFT.swift in Sources */ = {isa = PBXBuildFile; fileRef = 02491AC824D21B170091395A /* BasicFFT.swift */; };
		02491ACA24D21B170091395A /* BasicFFT.swift in Sources */ = {isa = PBXBuildFile; fileRef = 02491AC824D21B170091395A /* BasicFFT.swift */; };
		024B76CF249A8D290030B123 /* Light.swift in Sources */ = {isa = PBXBuildFile; fileRef = 024B76CE249A8D290030B123 /* Light.swift */; };
		024B76D0249A8D290030B123 /* Light.swift in Sources */ = {isa = PBXBuildFile; fileRef = 024B76CE249A8D290030B123 /* Light.swift */; };
		026A999D24B56A2A0002D4EA /* Ship.usdz in Resources */ = {isa = PBXBuildFile; fileRef = 026A999C24B56A2A0002D4EA /* Ship.usdz */; };
		026A999E24B56A2A0002D4EA /* Ship.usdz in Resources */ = {isa = PBXBuildFile; fileRef = 026A999C24B56A2A0002D4EA /* Ship.usdz */; };
		028370F2249AFC84006E8AF3 /* DebugLights.swift in Sources */ = {isa = PBXBuildFile; fileRef = 028370F0249AFC83006E8AF3 /* DebugLights.swift */; };
		028370F3249AFC84006E8AF3 /* DebugLights.swift in Sources */ = {isa = PBXBuildFile; fileRef = 028370F0249AFC83006E8AF3 /* DebugLights.swift */; };
		028370F4249AFC84006E8AF3 /* DebugLights.metal in Sources */ = {isa = PBXBuildFile; fileRef = 028370F1249AFC83006E8AF3 /* DebugLights.metal */; };
		028370F5249AFC84006E8AF3 /* DebugLights.metal in Sources */ = {isa = PBXBuildFile; fileRef = 028370F1249AFC83006E8AF3 /* DebugLights.metal */; };
		0299535D249A64D90014228F /* Camera.swift in Sources */ = {isa = PBXBuildFile; fileRef = 0299535C249A64D90014228F /* Camera.swift */; };
		0299535E249A64D90014228F /* Camera.swift in Sources */ = {isa = PBXBuildFile; fileRef = 0299535C249A64D90014228F /* Camera.swift */; };
		02995360249A64FD0014228F /* Node.swift in Sources */ = {isa = PBXBuildFile; fileRef = 0299535F249A64FD0014228F /* Node.swift */; };
		02995361249A64FD0014228F /* Node.swift in Sources */ = {isa = PBXBuildFile; fileRef = 0299535F249A64FD0014228F /* Node.swift */; };
		02A6CB4924D3728000FBE595 /* Water.swift in Sources */ = {isa = PBXBuildFile; fileRef = 02491ABB24D128100091395A /* Water.swift */; };
		02A6CB4A24D3728100FBE595 /* Water.swift in Sources */ = {isa = PBXBuildFile; fileRef = 02491ABB24D128100091395A /* Water.swift */; };
		02D773EF24B7571900811B88 /* PBR.metal in Sources */ = {isa = PBXBuildFile; fileRef = 02D773EE24B7571900811B88 /* PBR.metal */; };
		02D773F024B7571900811B88 /* PBR.metal in Sources */ = {isa = PBXBuildFile; fileRef = 02D773EE24B7571900811B88 /* PBR.metal */; };
		02E46DB224AC2D420055167A /* Terrain.swift in Sources */ = {isa = PBXBuildFile; fileRef = 02E46DB124AC2D420055167A /* Terrain.swift */; };
		02E46DB324AC2D420055167A /* Terrain.swift in Sources */ = {isa = PBXBuildFile; fileRef = 02E46DB124AC2D420055167A /* Terrain.swift */; };
/* End PBXBuildFile section */

/* Begin PBXFileReference section */
		020F984F249A688A00DB4850 /* Model.swift */ = {isa = PBXFileReference; lastKnownFileType = sourcecode.swift; path = Model.swift; sourceTree = "<group>"; };
		020F9852249A695900DB4850 /* Mesh.swift */ = {isa = PBXFileReference; lastKnownFileType = sourcecode.swift; path = Mesh.swift; sourceTree = "<group>"; };
		020F9855249A696300DB4850 /* Submesh.swift */ = {isa = PBXFileReference; lastKnownFileType = sourcecode.swift; path = Submesh.swift; sourceTree = "<group>"; };
		020F9864249A757C00DB4850 /* ViewController.swift */ = {isa = PBXFileReference; lastKnownFileType = sourcecode.swift; path = ViewController.swift; sourceTree = "<group>"; };
		020F9867249A7C5900DB4850 /* Extensions.swift */ = {isa = PBXFileReference; lastKnownFileType = sourcecode.swift; path = Extensions.swift; sourceTree = "<group>"; };
		020FD8C124D4575A00B77CF2 /* Distributions.swift */ = {isa = PBXFileReference; fileEncoding = 4; lastKnownFileType = sourcecode.swift; path = Distributions.swift; sourceTree = "<group>"; };
		020FD8C424D4577200B77CF2 /* Common.swift */ = {isa = PBXFileReference; fileEncoding = 4; lastKnownFileType = sourcecode.swift; path = Common.swift; sourceTree = "<group>"; };
		0217E77224D5C3130082D199 /* gaussian_noise_5.png */ = {isa = PBXFileReference; lastKnownFileType = image.png; path = gaussian_noise_5.png; sourceTree = "<group>"; };
		022B51E024B0E33B00FC5C81 /* Terrain.metal */ = {isa = PBXFileReference; lastKnownFileType = sourcecode.metal; path = Terrain.metal; sourceTree = "<group>"; };
		022B51E324B1772300FC5C81 /* mountain.png */ = {isa = PBXFileReference; lastKnownFileType = image.png; path = mountain.png; sourceTree = "<group>"; };
		022B51E624B22D2200FC5C81 /* Heightmap_Plateau.png */ = {isa = PBXFileReference; lastKnownFileType = image.png; path = Heightmap_Plateau.png; sourceTree = "<group>"; };
		022B51E724B22D2200FC5C81 /* Heightmap_Billow.png */ = {isa = PBXFileReference; lastKnownFileType = image.png; path = Heightmap_Billow.png; sourceTree = "<group>"; };
		022B51E824B22D2200FC5C81 /* Heightmap_Rocky.png */ = {isa = PBXFileReference; lastKnownFileType = image.png; path = Heightmap_Rocky.png; sourceTree = "<group>"; };
		022B51E924B22D2200FC5C81 /* Heightmap_Mountain.png */ = {isa = PBXFileReference; lastKnownFileType = image.png; path = Heightmap_Mountain.png; sourceTree = "<group>"; };
		0231B80024CE877700C794B8 /* simuwater.jpg */ = {isa = PBXFileReference; lastKnownFileType = image.jpeg; path = simuwater.jpg; sourceTree = "<group>"; };
		0231B80124CE877800C794B8 /* SimulatingWaterImage.jpg */ = {isa = PBXFileReference; lastKnownFileType = image.jpeg; path = SimulatingWaterImage.jpg; sourceTree = "<group>"; };
		0231B80624CE87CB00C794B8 /* simuwater2.jpg */ = {isa = PBXFileReference; lastKnownFileType = image.jpeg; path = simuwater2.jpg; sourceTree = "<group>"; };
		0236A744249D0A6C008F197E /* Texturable.swift */ = {isa = PBXFileReference; lastKnownFileType = sourcecode.swift; path = Texturable.swift; sourceTree = "<group>"; };
		0236A748249D182B008F197E /* lowpoly-house-color.png */ = {isa = PBXFileReference; lastKnownFileType = image.png; path = "lowpoly-house-color.png"; sourceTree = "<group>"; };
		0236A749249D182B008F197E /* lowpoly-house.obj */ = {isa = PBXFileReference; fileEncoding = 4; lastKnownFileType = text; path = "lowpoly-house.obj"; sourceTree = "<group>"; };
		0236A74A249D182B008F197E /* lowpoly-house.mtl */ = {isa = PBXFileReference; fileEncoding = 4; lastKnownFileType = text; path = "lowpoly-house.mtl"; sourceTree = "<group>"; };
		0236A752249D2192008F197E /* plane.obj */ = {isa = PBXFileReference; fileEncoding = 4; lastKnownFileType = text; path = plane.obj; sourceTree = "<group>"; };
		0236A753249D2192008F197E /* plane.mtl */ = {isa = PBXFileReference; fileEncoding = 4; lastKnownFileType = text; path = plane.mtl; sourceTree = "<group>"; };
		0236A754249D2192008F197E /* ground.png */ = {isa = PBXFileReference; lastKnownFileType = image.png; path = ground.png; sourceTree = "<group>"; };
		0236A75E249D5DFD008F197E /* Textures.xcassets */ = {isa = PBXFileReference; lastKnownFileType = folder.assetcatalog; path = Textures.xcassets; sourceTree = "<group>"; };
		0236A764249D8ED5008F197E /* cottage1.obj */ = {isa = PBXFileReference; fileEncoding = 4; lastKnownFileType = text; path = cottage1.obj; sourceTree = "<group>"; };
		0236A765249D8ED5008F197E /* cottage2.obj */ = {isa = PBXFileReference; fileEncoding = 4; lastKnownFileType = text; path = cottage2.obj; sourceTree = "<group>"; };
		0236A766249D8ED5008F197E /* cottage1.mtl */ = {isa = PBXFileReference; fileEncoding = 4; lastKnownFileType = text; path = cottage1.mtl; sourceTree = "<group>"; };
		0236A767249D8ED5008F197E /* cube.obj */ = {isa = PBXFileReference; fileEncoding = 4; lastKnownFileType = text; path = cube.obj; sourceTree = "<group>"; };
		0236A768249D8ED5008F197E /* cube.mtl */ = {isa = PBXFileReference; fileEncoding = 4; lastKnownFileType = text; path = cube.mtl; sourceTree = "<group>"; };
		0236A769249D8ED6008F197E /* cottage2.mtl */ = {isa = PBXFileReference; fileEncoding = 4; lastKnownFileType = text; path = cottage2.mtl; sourceTree = "<group>"; };
		023ADEF224BB543200478C87 /* Notes */ = {isa = PBXFileReference; lastKnownFileType = text; path = Notes; sourceTree = "<group>"; };
		02419D4A249850BF00BCB203 /* Shaders.metal */ = {isa = PBXFileReference; lastKnownFileType = sourcecode.metal; path = Shaders.metal; sourceTree = "<group>"; };
		02419D4B249850BF00BCB203 /* Renderer.swift */ = {isa = PBXFileReference; lastKnownFileType = sourcecode.swift; path = Renderer.swift; sourceTree = "<group>"; };
		02419D4C249850BF00BCB203 /* ShaderTypes.h */ = {isa = PBXFileReference; lastKnownFileType = sourcecode.c.h; path = ShaderTypes.h; sourceTree = "<group>"; };
		02419D52249850C100BCB203 /* BeamSeas.app */ = {isa = PBXFileReference; explicitFileType = wrapper.application; includeInIndex = 0; path = BeamSeas.app; sourceTree = BUILT_PRODUCTS_DIR; };
		02419D55249850C100BCB203 /* AppDelegate.swift */ = {isa = PBXFileReference; lastKnownFileType = sourcecode.swift; path = AppDelegate.swift; sourceTree = "<group>"; };
		02419D57249850C100BCB203 /* ViewControllerExtension.swift */ = {isa = PBXFileReference; lastKnownFileType = sourcecode.swift; path = ViewControllerExtension.swift; sourceTree = "<group>"; };
		02419D5A249850C100BCB203 /* Base */ = {isa = PBXFileReference; lastKnownFileType = file.storyboard; name = Base; path = Base.lproj/Main.storyboard; sourceTree = "<group>"; };
		02419D5D249850C100BCB203 /* Base */ = {isa = PBXFileReference; lastKnownFileType = file.storyboard; name = Base; path = Base.lproj/LaunchScreen.storyboard; sourceTree = "<group>"; };
		02419D5F249850C100BCB203 /* Info.plist */ = {isa = PBXFileReference; lastKnownFileType = text.plist.xml; path = Info.plist; sourceTree = "<group>"; };
		02419D64249850C100BCB203 /* BeamSeas.app */ = {isa = PBXFileReference; explicitFileType = wrapper.application; includeInIndex = 0; path = BeamSeas.app; sourceTree = BUILT_PRODUCTS_DIR; };
		02419D66249850C100BCB203 /* AppDelegate.swift */ = {isa = PBXFileReference; lastKnownFileType = sourcecode.swift; path = AppDelegate.swift; sourceTree = "<group>"; };
		02419D68249850C100BCB203 /* ViewControllerExtension.swift */ = {isa = PBXFileReference; lastKnownFileType = sourcecode.swift; path = ViewControllerExtension.swift; sourceTree = "<group>"; };
		02419D6B249850C100BCB203 /* Base */ = {isa = PBXFileReference; lastKnownFileType = file.storyboard; name = Base; path = Base.lproj/Main.storyboard; sourceTree = "<group>"; };
		02419D6D249850C100BCB203 /* Info.plist */ = {isa = PBXFileReference; lastKnownFileType = text.plist.xml; path = Info.plist; sourceTree = "<group>"; };
		02419D7E249851C700BCB203 /* Math.swift */ = {isa = PBXFileReference; lastKnownFileType = sourcecode.swift; path = Math.swift; sourceTree = "<group>"; };
		02482E6A24DC4C750000B762 /* Water.metal */ = {isa = PBXFileReference; lastKnownFileType = sourcecode.metal; path = Water.metal; sourceTree = "<group>"; };
		02491ABB24D128100091395A /* Water.swift */ = {isa = PBXFileReference; lastKnownFileType = sourcecode.swift; path = Water.swift; sourceTree = "<group>"; };
		02491AC824D21B170091395A /* BasicFFT.swift */ = {isa = PBXFileReference; lastKnownFileType = sourcecode.swift; path = BasicFFT.swift; sourceTree = "<group>"; };
		024B76CE249A8D290030B123 /* Light.swift */ = {isa = PBXFileReference; lastKnownFileType = sourcecode.swift; path = Light.swift; sourceTree = "<group>"; };
		026A999C24B56A2A0002D4EA /* Ship.usdz */ = {isa = PBXFileReference; lastKnownFileType = file.usdz; path = Ship.usdz; sourceTree = SOURCE_ROOT; };
		028370F0249AFC83006E8AF3 /* DebugLights.swift */ = {isa = PBXFileReference; fileEncoding = 4; lastKnownFileType = sourcecode.swift; path = DebugLights.swift; sourceTree = "<group>"; };
		028370F1249AFC83006E8AF3 /* DebugLights.metal */ = {isa = PBXFileReference; fileEncoding = 4; lastKnownFileType = sourcecode.metal; path = DebugLights.metal; sourceTree = "<group>"; };
		0299535C249A64D90014228F /* Camera.swift */ = {isa = PBXFileReference; lastKnownFileType = sourcecode.swift; path = Camera.swift; sourceTree = "<group>"; };
		0299535F249A64FD0014228F /* Node.swift */ = {isa = PBXFileReference; lastKnownFileType = sourcecode.swift; path = Node.swift; sourceTree = "<group>"; };
		02D773EE24B7571900811B88 /* PBR.metal */ = {isa = PBXFileReference; fileEncoding = 4; lastKnownFileType = sourcecode.metal; path = PBR.metal; sourceTree = "<group>"; };
		02E46DB124AC2D420055167A /* Terrain.swift */ = {isa = PBXFileReference; lastKnownFileType = sourcecode.swift; path = Terrain.swift; sourceTree = "<group>"; };
/* End PBXFileReference section */

/* Begin PBXFrameworksBuildPhase section */
		02419D4F249850C100BCB203 /* Frameworks */ = {
			isa = PBXFrameworksBuildPhase;
			buildActionMask = 2147483647;
			files = (
			);
			runOnlyForDeploymentPostprocessing = 0;
		};
		02419D61249850C100BCB203 /* Frameworks */ = {
			isa = PBXFrameworksBuildPhase;
			buildActionMask = 2147483647;
			files = (
			);
			runOnlyForDeploymentPostprocessing = 0;
		};
/* End PBXFrameworksBuildPhase section */

/* Begin PBXGroup section */
		020F986A249A7C6F00DB4850 /* Extensions */ = {
			isa = PBXGroup;
			children = (
				020F9867249A7C5900DB4850 /* Extensions.swift */,
			);
			path = Extensions;
			sourceTree = "<group>";
		};
		0236A747249D182B008F197E /* LowPolyHouse */ = {
			isa = PBXGroup;
			children = (
				0236A748249D182B008F197E /* lowpoly-house-color.png */,
				0236A749249D182B008F197E /* lowpoly-house.obj */,
				0236A74A249D182B008F197E /* lowpoly-house.mtl */,
			);
			path = LowPolyHouse;
			sourceTree = "<group>";
		};
		0236A751249D2192008F197E /* Ground */ = {
			isa = PBXGroup;
			children = (
				0236A752249D2192008F197E /* plane.obj */,
				0236A753249D2192008F197E /* plane.mtl */,
				0236A754249D2192008F197E /* ground.png */,
			);
			path = Ground;
			sourceTree = "<group>";
		};
		02419D44249850BE00BCB203 = {
			isa = PBXGroup;
			children = (
				02419D49249850BE00BCB203 /* BeamSeas Shared */,
				02419D54249850C100BCB203 /* BeamSeas iOS */,
				02419D65249850C100BCB203 /* BeamSeas macOS */,
				02419D53249850C100BCB203 /* Products */,
			);
			sourceTree = "<group>";
		};
		02419D49249850BE00BCB203 /* BeamSeas Shared */ = {
			isa = PBXGroup;
			children = (
				020F986A249A7C6F00DB4850 /* Extensions */,
				0299535B249A64C80014228F /* Nodes */,
				0299533B249926070014228F /* Utilities */,
				0299533A249925FF0014228F /* Models */,
				02419D81249851EF00BCB203 /* Shaders */,
				02419D4B249850BF00BCB203 /* Renderer.swift */,
				020F9864249A757C00DB4850 /* ViewController.swift */,
				0236A75E249D5DFD008F197E /* Textures.xcassets */,
				023ADEF224BB543200478C87 /* Notes */,
			);
			path = "BeamSeas Shared";
			sourceTree = "<group>";
		};
		02419D53249850C100BCB203 /* Products */ = {
			isa = PBXGroup;
			children = (
				02419D52249850C100BCB203 /* BeamSeas.app */,
				02419D64249850C100BCB203 /* BeamSeas.app */,
			);
			name = Products;
			sourceTree = "<group>";
		};
		02419D54249850C100BCB203 /* BeamSeas iOS */ = {
			isa = PBXGroup;
			children = (
				02419D55249850C100BCB203 /* AppDelegate.swift */,
				02419D57249850C100BCB203 /* ViewControllerExtension.swift */,
				02419D59249850C100BCB203 /* Main.storyboard */,
				02419D5C249850C100BCB203 /* LaunchScreen.storyboard */,
				02419D5F249850C100BCB203 /* Info.plist */,
			);
			path = "BeamSeas iOS";
			sourceTree = "<group>";
		};
		02419D65249850C100BCB203 /* BeamSeas macOS */ = {
			isa = PBXGroup;
			children = (
				02419D66249850C100BCB203 /* AppDelegate.swift */,
				02419D68249850C100BCB203 /* ViewControllerExtension.swift */,
				02419D6A249850C100BCB203 /* Main.storyboard */,
				02419D6D249850C100BCB203 /* Info.plist */,
			);
			path = "BeamSeas macOS";
			sourceTree = "<group>";
		};
		02419D81249851EF00BCB203 /* Shaders */ = {
			isa = PBXGroup;
			children = (
				02D773EE24B7571900811B88 /* PBR.metal */,
				02419D4C249850BF00BCB203 /* ShaderTypes.h */,
				02419D4A249850BF00BCB203 /* Shaders.metal */,
				022B51E024B0E33B00FC5C81 /* Terrain.metal */,
				02482E6A24DC4C750000B762 /* Water.metal */,
			);
			path = Shaders;
			sourceTree = "<group>";
		};
		02491ABA24D127F10091395A /* Water */ = {
			isa = PBXGroup;
			children = (
				02E46DB124AC2D420055167A /* Terrain.swift */,
				02491ABB24D128100091395A /* Water.swift */,
				02491AC824D21B170091395A /* BasicFFT.swift */,
			);
			path = Water;
			sourceTree = "<group>";
		};
		026A999B24B56A0F0002D4EA /* Ship */ = {
			isa = PBXGroup;
			children = (
				026A999C24B56A2A0002D4EA /* Ship.usdz */,
			);
			path = Ship;
			sourceTree = "<group>";
		};
		0299533A249925FF0014228F /* Models */ = {
			isa = PBXGroup;
			children = (
				0217E77224D5C3130082D199 /* gaussian_noise_5.png */,
				0231B80624CE87CB00C794B8 /* simuwater2.jpg */,
				0231B80124CE877800C794B8 /* SimulatingWaterImage.jpg */,
				0231B80024CE877700C794B8 /* simuwater.jpg */,
				026A999B24B56A0F0002D4EA /* Ship */,
				022B51E724B22D2200FC5C81 /* Heightmap_Billow.png */,
				022B51E924B22D2200FC5C81 /* Heightmap_Mountain.png */,
				022B51E624B22D2200FC5C81 /* Heightmap_Plateau.png */,
				022B51E824B22D2200FC5C81 /* Heightmap_Rocky.png */,
				022B51E324B1772300FC5C81 /* mountain.png */,
				0236A766249D8ED5008F197E /* cottage1.mtl */,
				0236A764249D8ED5008F197E /* cottage1.obj */,
				0236A769249D8ED6008F197E /* cottage2.mtl */,
				0236A765249D8ED5008F197E /* cottage2.obj */,
				0236A768249D8ED5008F197E /* cube.mtl */,
				0236A767249D8ED5008F197E /* cube.obj */,
				0236A751249D2192008F197E /* Ground */,
				0236A747249D182B008F197E /* LowPolyHouse */,
			);
			path = Models;
			sourceTree = "<group>";
		};
		0299533B249926070014228F /* Utilities */ = {
			isa = PBXGroup;
			children = (
				020FD8C424D4577200B77CF2 /* Common.swift */,
				020FD8C124D4575A00B77CF2 /* Distributions.swift */,
				028370F1249AFC83006E8AF3 /* DebugLights.metal */,
				028370F0249AFC83006E8AF3 /* DebugLights.swift */,
				02419D7E249851C700BCB203 /* Math.swift */,
				0236A744249D0A6C008F197E /* Texturable.swift */,
			);
			path = Utilities;
			sourceTree = "<group>";
		};
		0299535B249A64C80014228F /* Nodes */ = {
			isa = PBXGroup;
			children = (
				02491ABA24D127F10091395A /* Water */,
				0299535C249A64D90014228F /* Camera.swift */,
				0299535F249A64FD0014228F /* Node.swift */,
				020F984F249A688A00DB4850 /* Model.swift */,
				020F9852249A695900DB4850 /* Mesh.swift */,
				020F9855249A696300DB4850 /* Submesh.swift */,
				024B76CE249A8D290030B123 /* Light.swift */,
			);
			path = Nodes;
			sourceTree = "<group>";
		};
/* End PBXGroup section */

/* Begin PBXNativeTarget section */
		02419D51249850C100BCB203 /* BeamSeas iOS */ = {
			isa = PBXNativeTarget;
			buildConfigurationList = 02419D78249850C100BCB203 /* Build configuration list for PBXNativeTarget "BeamSeas iOS" */;
			buildPhases = (
				02419D4E249850C100BCB203 /* Sources */,
				02419D4F249850C100BCB203 /* Frameworks */,
				02419D50249850C100BCB203 /* Resources */,
			);
			buildRules = (
			);
			dependencies = (
			);
			name = "BeamSeas iOS";
			productName = "BeamSeas iOS";
			productReference = 02419D52249850C100BCB203 /* BeamSeas.app */;
			productType = "com.apple.product-type.application";
		};
		02419D63249850C100BCB203 /* BeamSeas macOS */ = {
			isa = PBXNativeTarget;
			buildConfigurationList = 02419D7B249850C100BCB203 /* Build configuration list for PBXNativeTarget "BeamSeas macOS" */;
			buildPhases = (
				02419D60249850C100BCB203 /* Sources */,
				02419D61249850C100BCB203 /* Frameworks */,
				02419D62249850C100BCB203 /* Resources */,
			);
			buildRules = (
			);
			dependencies = (
			);
			name = "BeamSeas macOS";
			productName = "BeamSeas macOS";
			productReference = 02419D64249850C100BCB203 /* BeamSeas.app */;
			productType = "com.apple.product-type.application";
		};
/* End PBXNativeTarget section */

/* Begin PBXProject section */
		02419D45249850BE00BCB203 /* Project object */ = {
			isa = PBXProject;
			attributes = {
				LastSwiftUpdateCheck = 1140;
				LastUpgradeCheck = 1140;
				ORGANIZATIONNAME = "Scott Mehus";
				TargetAttributes = {
					02419D51249850C100BCB203 = {
						CreatedOnToolsVersion = 11.4.1;
					};
					02419D63249850C100BCB203 = {
						CreatedOnToolsVersion = 11.4.1;
					};
				};
			};
			buildConfigurationList = 02419D48249850BE00BCB203 /* Build configuration list for PBXProject "BeamSeas" */;
			compatibilityVersion = "Xcode 9.3";
			developmentRegion = en;
			hasScannedForEncodings = 0;
			knownRegions = (
				en,
				Base,
			);
			mainGroup = 02419D44249850BE00BCB203;
			productRefGroup = 02419D53249850C100BCB203 /* Products */;
			projectDirPath = "";
			projectRoot = "";
			targets = (
				02419D51249850C100BCB203 /* BeamSeas iOS */,
				02419D63249850C100BCB203 /* BeamSeas macOS */,
			);
		};
/* End PBXProject section */

/* Begin PBXResourcesBuildPhase section */
		02419D50249850C100BCB203 /* Resources */ = {
			isa = PBXResourcesBuildPhase;
			buildActionMask = 2147483647;
			files = (
				0236A774249D8ED6008F197E /* cottage2.mtl in Resources */,
				0236A757249D2192008F197E /* plane.mtl in Resources */,
				022B51EC24B22D2200FC5C81 /* Heightmap_Billow.png in Resources */,
				0236A74B249D182B008F197E /* lowpoly-house-color.png in Resources */,
				022B51E424B1772300FC5C81 /* mountain.png in Resources */,
				0236A759249D2192008F197E /* ground.png in Resources */,
				0236A76E249D8ED6008F197E /* cottage1.mtl in Resources */,
				0236A75F249D5DFD008F197E /* Textures.xcassets in Resources */,
				02419D72249850C100BCB203 /* ShaderTypes.h in Resources */,
				022B51F024B22D2200FC5C81 /* Heightmap_Mountain.png in Resources */,
				022B51EA24B22D2200FC5C81 /* Heightmap_Plateau.png in Resources */,
				026A999D24B56A2A0002D4EA /* Ship.usdz in Resources */,
				0236A772249D8ED6008F197E /* cube.mtl in Resources */,
				0231B80224CE877800C794B8 /* simuwater.jpg in Resources */,
				0236A770249D8ED6008F197E /* cube.obj in Resources */,
				022B51EE24B22D2200FC5C81 /* Heightmap_Rocky.png in Resources */,
				0236A76A249D8ED6008F197E /* cottage1.obj in Resources */,
				0217E77324D5C3130082D199 /* gaussian_noise_5.png in Resources */,
				0231B80424CE877800C794B8 /* SimulatingWaterImage.jpg in Resources */,
				0236A755249D2192008F197E /* plane.obj in Resources */,
				02419D5B249850C100BCB203 /* Main.storyboard in Resources */,
				023ADEF324BB543200478C87 /* Notes in Resources */,
				0236A74D249D182B008F197E /* lowpoly-house.obj in Resources */,
				0236A74F249D182B008F197E /* lowpoly-house.mtl in Resources */,
				0236A76C249D8ED6008F197E /* cottage2.obj in Resources */,
				0231B80724CE87CB00C794B8 /* simuwater2.jpg in Resources */,
				02419D5E249850C100BCB203 /* LaunchScreen.storyboard in Resources */,
			);
			runOnlyForDeploymentPostprocessing = 0;
		};
		02419D62249850C100BCB203 /* Resources */ = {
			isa = PBXResourcesBuildPhase;
			buildActionMask = 2147483647;
			files = (
				0231B80824CE87CB00C794B8 /* simuwater2.jpg in Resources */,
				0231B80524CE877800C794B8 /* SimulatingWaterImage.jpg in Resources */,
				0236A76D249D8ED6008F197E /* cottage2.obj in Resources */,
				0236A74E249D182B008F197E /* lowpoly-house.obj in Resources */,
				022B51F124B22D2200FC5C81 /* Heightmap_Mountain.png in Resources */,
				0231B80324CE877800C794B8 /* simuwater.jpg in Resources */,
				022B51EB24B22D2200FC5C81 /* Heightmap_Plateau.png in Resources */,
				02419D6C249850C100BCB203 /* Main.storyboard in Resources */,
				0236A771249D8ED6008F197E /* cube.obj in Resources */,
				0236A775249D8ED6008F197E /* cottage2.mtl in Resources */,
				022B51EF24B22D2200FC5C81 /* Heightmap_Rocky.png in Resources */,
				026A999E24B56A2A0002D4EA /* Ship.usdz in Resources */,
				0236A75A249D2192008F197E /* ground.png in Resources */,
				0236A74C249D182B008F197E /* lowpoly-house-color.png in Resources */,
				022B51ED24B22D2200FC5C81 /* Heightmap_Billow.png in Resources */,
				0236A773249D8ED6008F197E /* cube.mtl in Resources */,
				0236A750249D182B008F197E /* lowpoly-house.mtl in Resources */,
				0236A758249D2192008F197E /* plane.mtl in Resources */,
				022B51E524B1772300FC5C81 /* mountain.png in Resources */,
				0236A76F249D8ED6008F197E /* cottage1.mtl in Resources */,
				0217E77424D5C3130082D199 /* gaussian_noise_5.png in Resources */,
				0236A760249D5DFD008F197E /* Textures.xcassets in Resources */,
				02419D73249850C100BCB203 /* ShaderTypes.h in Resources */,
				0236A756249D2192008F197E /* plane.obj in Resources */,
				0236A76B249D8ED6008F197E /* cottage1.obj in Resources */,
			);
			runOnlyForDeploymentPostprocessing = 0;
		};
/* End PBXResourcesBuildPhase section */

/* Begin PBXSourcesBuildPhase section */
		02419D4E249850C100BCB203 /* Sources */ = {
			isa = PBXSourcesBuildPhase;
			buildActionMask = 2147483647;
			files = (
				02D773EF24B7571900811B88 /* PBR.metal in Sources */,
				02A6CB4924D3728000FBE595 /* Water.swift in Sources */,
				02419D70249850C100BCB203 /* Renderer.swift in Sources */,
				022B51E124B0E33B00FC5C81 /* Terrain.metal in Sources */,
				02419D6E249850C100BCB203 /* Shaders.metal in Sources */,
				0299535D249A64D90014228F /* Camera.swift in Sources */,
				02419D58249850C100BCB203 /* ViewControllerExtension.swift in Sources */,
				02482E6B24DC4C750000B762 /* Water.metal in Sources */,
				02E46DB224AC2D420055167A /* Terrain.swift in Sources */,
				024B76CF249A8D290030B123 /* Light.swift in Sources */,
				020F9865249A757C00DB4850 /* ViewController.swift in Sources */,
				02419D56249850C100BCB203 /* AppDelegate.swift in Sources */,
				020FD8C224D4575A00B77CF2 /* Distributions.swift in Sources */,
				028370F4249AFC84006E8AF3 /* DebugLights.metal in Sources */,
				02491AC924D21B170091395A /* BasicFFT.swift in Sources */,
				02419D7F249851C700BCB203 /* Math.swift in Sources */,
				020F9868249A7C5900DB4850 /* Extensions.swift in Sources */,
				020FD8C524D4577200B77CF2 /* Common.swift in Sources */,
				020F9853249A695900DB4850 /* Mesh.swift in Sources */,
				0236A745249D0A6C008F197E /* Texturable.swift in Sources */,
				020F9856249A696300DB4850 /* Submesh.swift in Sources */,
				02995360249A64FD0014228F /* Node.swift in Sources */,
				028370F2249AFC84006E8AF3 /* DebugLights.swift in Sources */,
				020F9850249A688A00DB4850 /* Model.swift in Sources */,
			);
			runOnlyForDeploymentPostprocessing = 0;
		};
		02419D60249850C100BCB203 /* Sources */ = {
			isa = PBXSourcesBuildPhase;
			buildActionMask = 2147483647;
			files = (
				02D773F024B7571900811B88 /* PBR.metal in Sources */,
				02A6CB4A24D3728100FBE595 /* Water.swift in Sources */,
				02419D71249850C100BCB203 /* Renderer.swift in Sources */,
				022B51E224B0E33B00FC5C81 /* Terrain.metal in Sources */,
				02419D6F249850C100BCB203 /* Shaders.metal in Sources */,
				0299535E249A64D90014228F /* Camera.swift in Sources */,
				02419D69249850C100BCB203 /* ViewControllerExtension.swift in Sources */,
				02482E6C24DC4C750000B762 /* Water.metal in Sources */,
				02E46DB324AC2D420055167A /* Terrain.swift in Sources */,
				024B76D0249A8D290030B123 /* Light.swift in Sources */,
				020F9866249A757C00DB4850 /* ViewController.swift in Sources */,
				02419D67249850C100BCB203 /* AppDelegate.swift in Sources */,
				020FD8C324D4575A00B77CF2 /* Distributions.swift in Sources */,
				028370F5249AFC84006E8AF3 /* DebugLights.metal in Sources */,
				02491ACA24D21B170091395A /* BasicFFT.swift in Sources */,
				02419D80249851C700BCB203 /* Math.swift in Sources */,
				020F9869249A7C5900DB4850 /* Extensions.swift in Sources */,
				020FD8C624D4577200B77CF2 /* Common.swift in Sources */,
				020F9854249A695900DB4850 /* Mesh.swift in Sources */,
				0236A746249D0A6C008F197E /* Texturable.swift in Sources */,
				020F9857249A696300DB4850 /* Submesh.swift in Sources */,
				02995361249A64FD0014228F /* Node.swift in Sources */,
				028370F3249AFC84006E8AF3 /* DebugLights.swift in Sources */,
				020F9851249A688A00DB4850 /* Model.swift in Sources */,
			);
			runOnlyForDeploymentPostprocessing = 0;
		};
/* End PBXSourcesBuildPhase section */

/* Begin PBXVariantGroup section */
		02419D59249850C100BCB203 /* Main.storyboard */ = {
			isa = PBXVariantGroup;
			children = (
				02419D5A249850C100BCB203 /* Base */,
			);
			name = Main.storyboard;
			sourceTree = "<group>";
		};
		02419D5C249850C100BCB203 /* LaunchScreen.storyboard */ = {
			isa = PBXVariantGroup;
			children = (
				02419D5D249850C100BCB203 /* Base */,
			);
			name = LaunchScreen.storyboard;
			sourceTree = "<group>";
		};
		02419D6A249850C100BCB203 /* Main.storyboard */ = {
			isa = PBXVariantGroup;
			children = (
				02419D6B249850C100BCB203 /* Base */,
			);
			name = Main.storyboard;
			sourceTree = "<group>";
		};
/* End PBXVariantGroup section */

/* Begin XCBuildConfiguration section */
		02419D76249850C100BCB203 /* Debug */ = {
			isa = XCBuildConfiguration;
			buildSettings = {
				ALWAYS_SEARCH_USER_PATHS = NO;
				CLANG_ANALYZER_NONNULL = YES;
				CLANG_ANALYZER_NUMBER_OBJECT_CONVERSION = YES_AGGRESSIVE;
				CLANG_CXX_LANGUAGE_STANDARD = "gnu++14";
				CLANG_CXX_LIBRARY = "libc++";
				CLANG_ENABLE_MODULES = YES;
				CLANG_ENABLE_OBJC_ARC = YES;
				CLANG_ENABLE_OBJC_WEAK = YES;
				CLANG_WARN_BLOCK_CAPTURE_AUTORELEASING = YES;
				CLANG_WARN_BOOL_CONVERSION = YES;
				CLANG_WARN_COMMA = YES;
				CLANG_WARN_CONSTANT_CONVERSION = YES;
				CLANG_WARN_DEPRECATED_OBJC_IMPLEMENTATIONS = YES;
				CLANG_WARN_DIRECT_OBJC_ISA_USAGE = YES_ERROR;
				CLANG_WARN_DOCUMENTATION_COMMENTS = YES;
				CLANG_WARN_EMPTY_BODY = YES;
				CLANG_WARN_ENUM_CONVERSION = YES;
				CLANG_WARN_INFINITE_RECURSION = YES;
				CLANG_WARN_INT_CONVERSION = YES;
				CLANG_WARN_NON_LITERAL_NULL_CONVERSION = YES;
				CLANG_WARN_OBJC_IMPLICIT_RETAIN_SELF = YES;
				CLANG_WARN_OBJC_LITERAL_CONVERSION = YES;
				CLANG_WARN_OBJC_ROOT_CLASS = YES_ERROR;
				CLANG_WARN_RANGE_LOOP_ANALYSIS = YES;
				CLANG_WARN_STRICT_PROTOTYPES = YES;
				CLANG_WARN_SUSPICIOUS_MOVE = YES;
				CLANG_WARN_UNGUARDED_AVAILABILITY = YES_AGGRESSIVE;
				CLANG_WARN_UNREACHABLE_CODE = YES;
				CLANG_WARN__DUPLICATE_METHOD_MATCH = YES;
				COPY_PHASE_STRIP = NO;
				DEBUG_INFORMATION_FORMAT = dwarf;
				ENABLE_STRICT_OBJC_MSGSEND = YES;
				ENABLE_TESTABILITY = YES;
				GCC_C_LANGUAGE_STANDARD = gnu11;
				GCC_DYNAMIC_NO_PIC = NO;
				GCC_NO_COMMON_BLOCKS = YES;
				GCC_OPTIMIZATION_LEVEL = 0;
				GCC_PREPROCESSOR_DEFINITIONS = (
					"DEBUG=1",
					"$(inherited)",
				);
				GCC_WARN_64_TO_32_BIT_CONVERSION = YES;
				GCC_WARN_ABOUT_RETURN_TYPE = YES_ERROR;
				GCC_WARN_UNDECLARED_SELECTOR = YES;
				GCC_WARN_UNINITIALIZED_AUTOS = YES_AGGRESSIVE;
				GCC_WARN_UNUSED_FUNCTION = YES;
				GCC_WARN_UNUSED_VARIABLE = YES;
				MTL_ENABLE_DEBUG_INFO = INCLUDE_SOURCE;
				MTL_FAST_MATH = YES;
				ONLY_ACTIVE_ARCH = YES;
				SWIFT_ACTIVE_COMPILATION_CONDITIONS = DEBUG;
				SWIFT_OPTIMIZATION_LEVEL = "-Onone";
			};
			name = Debug;
		};
		02419D77249850C100BCB203 /* Release */ = {
			isa = XCBuildConfiguration;
			buildSettings = {
				ALWAYS_SEARCH_USER_PATHS = NO;
				CLANG_ANALYZER_NONNULL = YES;
				CLANG_ANALYZER_NUMBER_OBJECT_CONVERSION = YES_AGGRESSIVE;
				CLANG_CXX_LANGUAGE_STANDARD = "gnu++14";
				CLANG_CXX_LIBRARY = "libc++";
				CLANG_ENABLE_MODULES = YES;
				CLANG_ENABLE_OBJC_ARC = YES;
				CLANG_ENABLE_OBJC_WEAK = YES;
				CLANG_WARN_BLOCK_CAPTURE_AUTORELEASING = YES;
				CLANG_WARN_BOOL_CONVERSION = YES;
				CLANG_WARN_COMMA = YES;
				CLANG_WARN_CONSTANT_CONVERSION = YES;
				CLANG_WARN_DEPRECATED_OBJC_IMPLEMENTATIONS = YES;
				CLANG_WARN_DIRECT_OBJC_ISA_USAGE = YES_ERROR;
				CLANG_WARN_DOCUMENTATION_COMMENTS = YES;
				CLANG_WARN_EMPTY_BODY = YES;
				CLANG_WARN_ENUM_CONVERSION = YES;
				CLANG_WARN_INFINITE_RECURSION = YES;
				CLANG_WARN_INT_CONVERSION = YES;
				CLANG_WARN_NON_LITERAL_NULL_CONVERSION = YES;
				CLANG_WARN_OBJC_IMPLICIT_RETAIN_SELF = YES;
				CLANG_WARN_OBJC_LITERAL_CONVERSION = YES;
				CLANG_WARN_OBJC_ROOT_CLASS = YES_ERROR;
				CLANG_WARN_RANGE_LOOP_ANALYSIS = YES;
				CLANG_WARN_STRICT_PROTOTYPES = YES;
				CLANG_WARN_SUSPICIOUS_MOVE = YES;
				CLANG_WARN_UNGUARDED_AVAILABILITY = YES_AGGRESSIVE;
				CLANG_WARN_UNREACHABLE_CODE = YES;
				CLANG_WARN__DUPLICATE_METHOD_MATCH = YES;
				COPY_PHASE_STRIP = NO;
				DEBUG_INFORMATION_FORMAT = "dwarf-with-dsym";
				ENABLE_NS_ASSERTIONS = NO;
				ENABLE_STRICT_OBJC_MSGSEND = YES;
				GCC_C_LANGUAGE_STANDARD = gnu11;
				GCC_NO_COMMON_BLOCKS = YES;
				GCC_WARN_64_TO_32_BIT_CONVERSION = YES;
				GCC_WARN_ABOUT_RETURN_TYPE = YES_ERROR;
				GCC_WARN_UNDECLARED_SELECTOR = YES;
				GCC_WARN_UNINITIALIZED_AUTOS = YES_AGGRESSIVE;
				GCC_WARN_UNUSED_FUNCTION = YES;
				GCC_WARN_UNUSED_VARIABLE = YES;
				MTL_ENABLE_DEBUG_INFO = NO;
				MTL_FAST_MATH = YES;
				SWIFT_COMPILATION_MODE = wholemodule;
				SWIFT_OPTIMIZATION_LEVEL = "-O";
			};
			name = Release;
		};
		02419D79249850C100BCB203 /* Debug */ = {
			isa = XCBuildConfiguration;
			buildSettings = {
				ASSETCATALOG_COMPILER_APPICON_NAME = AppIcon;
				CODE_SIGN_STYLE = Automatic;
				DEVELOPMENT_TEAM = 4HWQ95CTCF;
				INFOPLIST_FILE = "BeamSeas iOS/Info.plist";
				IPHONEOS_DEPLOYMENT_TARGET = 13.4;
				LD_RUNPATH_SEARCH_PATHS = (
					"$(inherited)",
					"@executable_path/Frameworks",
				);
				PRODUCT_BUNDLE_IDENTIFIER = com.mehus.BeamSeas;
				PRODUCT_NAME = BeamSeas;
				SDKROOT = iphoneos;
				SWIFT_OBJC_BRIDGING_HEADER = "BeamSeas Shared/Shaders/ShaderTypes.h";
				SWIFT_VERSION = 5.0;
				TARGETED_DEVICE_FAMILY = "1,2";
			};
			name = Debug;
		};
		02419D7A249850C100BCB203 /* Release */ = {
			isa = XCBuildConfiguration;
			buildSettings = {
				ASSETCATALOG_COMPILER_APPICON_NAME = AppIcon;
				CODE_SIGN_STYLE = Automatic;
				DEVELOPMENT_TEAM = 4HWQ95CTCF;
				INFOPLIST_FILE = "BeamSeas iOS/Info.plist";
				IPHONEOS_DEPLOYMENT_TARGET = 13.4;
				LD_RUNPATH_SEARCH_PATHS = (
					"$(inherited)",
					"@executable_path/Frameworks",
				);
				PRODUCT_BUNDLE_IDENTIFIER = com.mehus.BeamSeas;
				PRODUCT_NAME = BeamSeas;
				SDKROOT = iphoneos;
				SWIFT_OBJC_BRIDGING_HEADER = "BeamSeas Shared/Shaders/ShaderTypes.h";
				SWIFT_VERSION = 5.0;
				TARGETED_DEVICE_FAMILY = "1,2";
				VALIDATE_PRODUCT = YES;
			};
			name = Release;
		};
		02419D7C249850C100BCB203 /* Debug */ = {
			isa = XCBuildConfiguration;
			buildSettings = {
				ASSETCATALOG_COMPILER_APPICON_NAME = AppIcon;
				CODE_SIGN_STYLE = Automatic;
				COMBINE_HIDPI_IMAGES = YES;
				DEVELOPMENT_TEAM = 4HWQ95CTCF;
				ENABLE_HARDENED_RUNTIME = YES;
				INFOPLIST_FILE = "BeamSeas macOS/Info.plist";
				LD_RUNPATH_SEARCH_PATHS = (
					"$(inherited)",
					"@executable_path/../Frameworks",
				);
				MACOSX_DEPLOYMENT_TARGET = 10.15;
				PRODUCT_BUNDLE_IDENTIFIER = com.mehus.BeamSeas;
				PRODUCT_NAME = BeamSeas;
				SDKROOT = macosx;
				SWIFT_OBJC_BRIDGING_HEADER = "BeamSeas Shared/Shaders/ShaderTypes.h";
				SWIFT_VERSION = 5.0;
			};
			name = Debug;
		};
		02419D7D249850C100BCB203 /* Release */ = {
			isa = XCBuildConfiguration;
			buildSettings = {
				ASSETCATALOG_COMPILER_APPICON_NAME = AppIcon;
				CODE_SIGN_STYLE = Automatic;
				COMBINE_HIDPI_IMAGES = YES;
				DEVELOPMENT_TEAM = 4HWQ95CTCF;
				ENABLE_HARDENED_RUNTIME = YES;
				INFOPLIST_FILE = "BeamSeas macOS/Info.plist";
				LD_RUNPATH_SEARCH_PATHS = (
					"$(inherited)",
					"@executable_path/../Frameworks",
				);
				MACOSX_DEPLOYMENT_TARGET = 10.15;
				PRODUCT_BUNDLE_IDENTIFIER = com.mehus.BeamSeas;
				PRODUCT_NAME = BeamSeas;
				SDKROOT = macosx;
				SWIFT_OBJC_BRIDGING_HEADER = "BeamSeas Shared/Shaders/ShaderTypes.h";
				SWIFT_VERSION = 5.0;
			};
			name = Release;
		};
/* End XCBuildConfiguration section */

/* Begin XCConfigurationList section */
		02419D48249850BE00BCB203 /* Build configuration list for PBXProject "BeamSeas" */ = {
			isa = XCConfigurationList;
			buildConfigurations = (
				02419D76249850C100BCB203 /* Debug */,
				02419D77249850C100BCB203 /* Release */,
			);
			defaultConfigurationIsVisible = 0;
			defaultConfigurationName = Release;
		};
		02419D78249850C100BCB203 /* Build configuration list for PBXNativeTarget "BeamSeas iOS" */ = {
			isa = XCConfigurationList;
			buildConfigurations = (
				02419D79249850C100BCB203 /* Debug */,
				02419D7A249850C100BCB203 /* Release */,
			);
			defaultConfigurationIsVisible = 0;
			defaultConfigurationName = Release;
		};
		02419D7B249850C100BCB203 /* Build configuration list for PBXNativeTarget "BeamSeas macOS" */ = {
			isa = XCConfigurationList;
			buildConfigurations = (
				02419D7C249850C100BCB203 /* Debug */,
				02419D7D249850C100BCB203 /* Release */,
			);
			defaultConfigurationIsVisible = 0;
			defaultConfigurationName = Release;
		};
/* End XCConfigurationList section */
	};
	rootObject = 02419D45249850BE00BCB203 /* Project object */;
}
