// !$*UTF8*$!
{
	archiveVersion = 1;
	classes = {
	};
	objectVersion = 50;
	objects = {

/* Begin PBXBuildFile section */
		02419D56249850C100BCB203 /* AppDelegate.swift in Sources */ = {isa = PBXBuildFile; fileRef = 02419D55249850C100BCB203 /* AppDelegate.swift */; };
		02419D58249850C100BCB203 /* GameViewController.swift in Sources */ = {isa = PBXBuildFile; fileRef = 02419D57249850C100BCB203 /* GameViewController.swift */; };
		02419D5B249850C100BCB203 /* Main.storyboard in Resources */ = {isa = PBXBuildFile; fileRef = 02419D59249850C100BCB203 /* Main.storyboard */; };
		02419D5E249850C100BCB203 /* LaunchScreen.storyboard in Resources */ = {isa = PBXBuildFile; fileRef = 02419D5C249850C100BCB203 /* LaunchScreen.storyboard */; };
		02419D67249850C100BCB203 /* AppDelegate.swift in Sources */ = {isa = PBXBuildFile; fileRef = 02419D66249850C100BCB203 /* AppDelegate.swift */; };
		02419D69249850C100BCB203 /* GameViewController.swift in Sources */ = {isa = PBXBuildFile; fileRef = 02419D68249850C100BCB203 /* GameViewController.swift */; };
		02419D6C249850C100BCB203 /* Main.storyboard in Resources */ = {isa = PBXBuildFile; fileRef = 02419D6A249850C100BCB203 /* Main.storyboard */; };
		02419D6E249850C100BCB203 /* Shaders.metal in Sources */ = {isa = PBXBuildFile; fileRef = 02419D4A249850BF00BCB203 /* Shaders.metal */; };
		02419D6F249850C100BCB203 /* Shaders.metal in Sources */ = {isa = PBXBuildFile; fileRef = 02419D4A249850BF00BCB203 /* Shaders.metal */; };
		02419D70249850C100BCB203 /* Renderer.swift in Sources */ = {isa = PBXBuildFile; fileRef = 02419D4B249850BF00BCB203 /* Renderer.swift */; };
		02419D71249850C100BCB203 /* Renderer.swift in Sources */ = {isa = PBXBuildFile; fileRef = 02419D4B249850BF00BCB203 /* Renderer.swift */; };
		02419D72249850C100BCB203 /* ShaderTypes.h in Resources */ = {isa = PBXBuildFile; fileRef = 02419D4C249850BF00BCB203 /* ShaderTypes.h */; };
		02419D73249850C100BCB203 /* ShaderTypes.h in Resources */ = {isa = PBXBuildFile; fileRef = 02419D4C249850BF00BCB203 /* ShaderTypes.h */; };
		02419D74249850C100BCB203 /* Assets.xcassets in Resources */ = {isa = PBXBuildFile; fileRef = 02419D4D249850C100BCB203 /* Assets.xcassets */; };
		02419D75249850C100BCB203 /* Assets.xcassets in Resources */ = {isa = PBXBuildFile; fileRef = 02419D4D249850C100BCB203 /* Assets.xcassets */; };
		02419D7F249851C700BCB203 /* Math.swift in Sources */ = {isa = PBXBuildFile; fileRef = 02419D7E249851C700BCB203 /* Math.swift */; };
		02419D80249851C700BCB203 /* Math.swift in Sources */ = {isa = PBXBuildFile; fileRef = 02419D7E249851C700BCB203 /* Math.swift */; };
		0299533E2499262D0014228F /* train.mtl in Resources */ = {isa = PBXBuildFile; fileRef = 0299533C2499262D0014228F /* train.mtl */; };
		0299533F2499262D0014228F /* train.mtl in Resources */ = {isa = PBXBuildFile; fileRef = 0299533C2499262D0014228F /* train.mtl */; };
		029953402499262D0014228F /* train.obj in Resources */ = {isa = PBXBuildFile; fileRef = 0299533D2499262D0014228F /* train.obj */; };
		029953412499262D0014228F /* train.obj in Resources */ = {isa = PBXBuildFile; fileRef = 0299533D2499262D0014228F /* train.obj */; };
/* End PBXBuildFile section */

/* Begin PBXFileReference section */
		02419D4A249850BF00BCB203 /* Shaders.metal */ = {isa = PBXFileReference; lastKnownFileType = sourcecode.metal; path = Shaders.metal; sourceTree = "<group>"; };
		02419D4B249850BF00BCB203 /* Renderer.swift */ = {isa = PBXFileReference; lastKnownFileType = sourcecode.swift; path = Renderer.swift; sourceTree = "<group>"; };
		02419D4C249850BF00BCB203 /* ShaderTypes.h */ = {isa = PBXFileReference; lastKnownFileType = sourcecode.c.h; path = ShaderTypes.h; sourceTree = "<group>"; };
		02419D4D249850C100BCB203 /* Assets.xcassets */ = {isa = PBXFileReference; lastKnownFileType = folder.assetcatalog; path = Assets.xcassets; sourceTree = "<group>"; };
		02419D52249850C100BCB203 /* BeamSeas.app */ = {isa = PBXFileReference; explicitFileType = wrapper.application; includeInIndex = 0; path = BeamSeas.app; sourceTree = BUILT_PRODUCTS_DIR; };
		02419D55249850C100BCB203 /* AppDelegate.swift */ = {isa = PBXFileReference; lastKnownFileType = sourcecode.swift; path = AppDelegate.swift; sourceTree = "<group>"; };
		02419D57249850C100BCB203 /* GameViewController.swift */ = {isa = PBXFileReference; lastKnownFileType = sourcecode.swift; path = GameViewController.swift; sourceTree = "<group>"; };
		02419D5A249850C100BCB203 /* Base */ = {isa = PBXFileReference; lastKnownFileType = file.storyboard; name = Base; path = Base.lproj/Main.storyboard; sourceTree = "<group>"; };
		02419D5D249850C100BCB203 /* Base */ = {isa = PBXFileReference; lastKnownFileType = file.storyboard; name = Base; path = Base.lproj/LaunchScreen.storyboard; sourceTree = "<group>"; };
		02419D5F249850C100BCB203 /* Info.plist */ = {isa = PBXFileReference; lastKnownFileType = text.plist.xml; path = Info.plist; sourceTree = "<group>"; };
		02419D64249850C100BCB203 /* BeamSeas.app */ = {isa = PBXFileReference; explicitFileType = wrapper.application; includeInIndex = 0; path = BeamSeas.app; sourceTree = BUILT_PRODUCTS_DIR; };
		02419D66249850C100BCB203 /* AppDelegate.swift */ = {isa = PBXFileReference; lastKnownFileType = sourcecode.swift; path = AppDelegate.swift; sourceTree = "<group>"; };
		02419D68249850C100BCB203 /* GameViewController.swift */ = {isa = PBXFileReference; lastKnownFileType = sourcecode.swift; path = GameViewController.swift; sourceTree = "<group>"; };
		02419D6B249850C100BCB203 /* Base */ = {isa = PBXFileReference; lastKnownFileType = file.storyboard; name = Base; path = Base.lproj/Main.storyboard; sourceTree = "<group>"; };
		02419D6D249850C100BCB203 /* Info.plist */ = {isa = PBXFileReference; lastKnownFileType = text.plist.xml; path = Info.plist; sourceTree = "<group>"; };
		02419D7E249851C700BCB203 /* Math.swift */ = {isa = PBXFileReference; lastKnownFileType = sourcecode.swift; path = Math.swift; sourceTree = "<group>"; };
		0299533C2499262D0014228F /* train.mtl */ = {isa = PBXFileReference; fileEncoding = 4; lastKnownFileType = text; path = train.mtl; sourceTree = "<group>"; };
		0299533D2499262D0014228F /* train.obj */ = {isa = PBXFileReference; fileEncoding = 4; lastKnownFileType = text; path = train.obj; sourceTree = "<group>"; };
/* End PBXFileReference section */

/* Begin PBXFrameworksBuildPhase section */
		02419D4F249850C100BCB203 /* Frameworks */ = {
			isa = PBXFrameworksBuildPhase;
			buildActionMask = 2147483647;
			files = (
			);
			runOnlyForDeploymentPostprocessing = 0;
		};
		02419D61249850C100BCB203 /* Frameworks */ = {
			isa = PBXFrameworksBuildPhase;
			buildActionMask = 2147483647;
			files = (
			);
			runOnlyForDeploymentPostprocessing = 0;
		};
/* End PBXFrameworksBuildPhase section */

/* Begin PBXGroup section */
		02419D44249850BE00BCB203 = {
			isa = PBXGroup;
			children = (
				02419D49249850BE00BCB203 /* BeamSeas Shared */,
				02419D54249850C100BCB203 /* BeamSeas iOS */,
				02419D65249850C100BCB203 /* BeamSeas macOS */,
				02419D53249850C100BCB203 /* Products */,
			);
			sourceTree = "<group>";
		};
		02419D49249850BE00BCB203 /* BeamSeas Shared */ = {
			isa = PBXGroup;
			children = (
				0299533B249926070014228F /* Utilities */,
				0299533A249925FF0014228F /* Models */,
				02419D81249851EF00BCB203 /* Shaders */,
				02419D4B249850BF00BCB203 /* Renderer.swift */,
				02419D4D249850C100BCB203 /* Assets.xcassets */,
			);
			path = "BeamSeas Shared";
			sourceTree = "<group>";
		};
		02419D53249850C100BCB203 /* Products */ = {
			isa = PBXGroup;
			children = (
				02419D52249850C100BCB203 /* BeamSeas.app */,
				02419D64249850C100BCB203 /* BeamSeas.app */,
			);
			name = Products;
			sourceTree = "<group>";
		};
		02419D54249850C100BCB203 /* BeamSeas iOS */ = {
			isa = PBXGroup;
			children = (
				02419D55249850C100BCB203 /* AppDelegate.swift */,
				02419D57249850C100BCB203 /* GameViewController.swift */,
				02419D59249850C100BCB203 /* Main.storyboard */,
				02419D5C249850C100BCB203 /* LaunchScreen.storyboard */,
				02419D5F249850C100BCB203 /* Info.plist */,
			);
			path = "BeamSeas iOS";
			sourceTree = "<group>";
		};
		02419D65249850C100BCB203 /* BeamSeas macOS */ = {
			isa = PBXGroup;
			children = (
				02419D66249850C100BCB203 /* AppDelegate.swift */,
				02419D68249850C100BCB203 /* GameViewController.swift */,
				02419D6A249850C100BCB203 /* Main.storyboard */,
				02419D6D249850C100BCB203 /* Info.plist */,
			);
			path = "BeamSeas macOS";
			sourceTree = "<group>";
		};
		02419D81249851EF00BCB203 /* Shaders */ = {
			isa = PBXGroup;
			children = (
				02419D4C249850BF00BCB203 /* ShaderTypes.h */,
				02419D4A249850BF00BCB203 /* Shaders.metal */,
			);
			path = Shaders;
			sourceTree = "<group>";
		};
		0299533A249925FF0014228F /* Models */ = {
			isa = PBXGroup;
			children = (
				0299533C2499262D0014228F /* train.mtl */,
				0299533D2499262D0014228F /* train.obj */,
			);
			path = Models;
			sourceTree = "<group>";
		};
		0299533B249926070014228F /* Utilities */ = {
			isa = PBXGroup;
			children = (
				02419D7E249851C700BCB203 /* Math.swift */,
			);
			path = Utilities;
			sourceTree = "<group>";
		};
/* End PBXGroup section */

/* Begin PBXNativeTarget section */
		02419D51249850C100BCB203 /* BeamSeas iOS */ = {
			isa = PBXNativeTarget;
			buildConfigurationList = 02419D78249850C100BCB203 /* Build configuration list for PBXNativeTarget "BeamSeas iOS" */;
			buildPhases = (
				02419D4E249850C100BCB203 /* Sources */,
				02419D4F249850C100BCB203 /* Frameworks */,
				02419D50249850C100BCB203 /* Resources */,
			);
			buildRules = (
			);
			dependencies = (
			);
			name = "BeamSeas iOS";
			productName = "BeamSeas iOS";
			productReference = 02419D52249850C100BCB203 /* BeamSeas.app */;
			productType = "com.apple.product-type.application";
		};
		02419D63249850C100BCB203 /* BeamSeas macOS */ = {
			isa = PBXNativeTarget;
			buildConfigurationList = 02419D7B249850C100BCB203 /* Build configuration list for PBXNativeTarget "BeamSeas macOS" */;
			buildPhases = (
				02419D60249850C100BCB203 /* Sources */,
				02419D61249850C100BCB203 /* Frameworks */,
				02419D62249850C100BCB203 /* Resources */,
			);
			buildRules = (
			);
			dependencies = (
			);
			name = "BeamSeas macOS";
			productName = "BeamSeas macOS";
			productReference = 02419D64249850C100BCB203 /* BeamSeas.app */;
			productType = "com.apple.product-type.application";
		};
/* End PBXNativeTarget section */

/* Begin PBXProject section */
		02419D45249850BE00BCB203 /* Project object */ = {
			isa = PBXProject;
			attributes = {
				LastSwiftUpdateCheck = 1140;
				LastUpgradeCheck = 1140;
				ORGANIZATIONNAME = "Scott Mehus";
				TargetAttributes = {
					02419D51249850C100BCB203 = {
						CreatedOnToolsVersion = 11.4.1;
					};
					02419D63249850C100BCB203 = {
						CreatedOnToolsVersion = 11.4.1;
					};
				};
			};
			buildConfigurationList = 02419D48249850BE00BCB203 /* Build configuration list for PBXProject "BeamSeas" */;
			compatibilityVersion = "Xcode 9.3";
			developmentRegion = en;
			hasScannedForEncodings = 0;
			knownRegions = (
				en,
				Base,
			);
			mainGroup = 02419D44249850BE00BCB203;
			productRefGroup = 02419D53249850C100BCB203 /* Products */;
			projectDirPath = "";
			projectRoot = "";
			targets = (
				02419D51249850C100BCB203 /* BeamSeas iOS */,
				02419D63249850C100BCB203 /* BeamSeas macOS */,
			);
		};
/* End PBXProject section */

/* Begin PBXResourcesBuildPhase section */
		02419D50249850C100BCB203 /* Resources */ = {
			isa = PBXResourcesBuildPhase;
			buildActionMask = 2147483647;
			files = (
				02419D72249850C100BCB203 /* ShaderTypes.h in Resources */,
				0299533E2499262D0014228F /* train.mtl in Resources */,
				029953402499262D0014228F /* train.obj in Resources */,
				02419D5B249850C100BCB203 /* Main.storyboard in Resources */,
				02419D74249850C100BCB203 /* Assets.xcassets in Resources */,
				02419D5E249850C100BCB203 /* LaunchScreen.storyboard in Resources */,
			);
			runOnlyForDeploymentPostprocessing = 0;
		};
		02419D62249850C100BCB203 /* Resources */ = {
			isa = PBXResourcesBuildPhase;
			buildActionMask = 2147483647;
			files = (
				02419D6C249850C100BCB203 /* Main.storyboard in Resources */,
				029953412499262D0014228F /* train.obj in Resources */,
				02419D75249850C100BCB203 /* Assets.xcassets in Resources */,
				0299533F2499262D0014228F /* train.mtl in Resources */,
				02419D73249850C100BCB203 /* ShaderTypes.h in Resources */,
			);
			runOnlyForDeploymentPostprocessing = 0;
		};
/* End PBXResourcesBuildPhase section */

/* Begin PBXSourcesBuildPhase section */
		02419D4E249850C100BCB203 /* Sources */ = {
			isa = PBXSourcesBuildPhase;
			buildActionMask = 2147483647;
			files = (
				02419D70249850C100BCB203 /* Renderer.swift in Sources */,
				02419D6E249850C100BCB203 /* Shaders.metal in Sources */,
				02419D58249850C100BCB203 /* GameViewController.swift in Sources */,
				02419D56249850C100BCB203 /* AppDelegate.swift in Sources */,
				02419D7F249851C700BCB203 /* Math.swift in Sources */,
			);
			runOnlyForDeploymentPostprocessing = 0;
		};
		02419D60249850C100BCB203 /* Sources */ = {
			isa = PBXSourcesBuildPhase;
			buildActionMask = 2147483647;
			files = (
				02419D71249850C100BCB203 /* Renderer.swift in Sources */,
				02419D6F249850C100BCB203 /* Shaders.metal in Sources */,
				02419D69249850C100BCB203 /* GameViewController.swift in Sources */,
				02419D67249850C100BCB203 /* AppDelegate.swift in Sources */,
				02419D80249851C700BCB203 /* Math.swift in Sources */,
			);
			runOnlyForDeploymentPostprocessing = 0;
		};
/* End PBXSourcesBuildPhase section */

/* Begin PBXVariantGroup section */
		02419D59249850C100BCB203 /* Main.storyboard */ = {
			isa = PBXVariantGroup;
			children = (
				02419D5A249850C100BCB203 /* Base */,
			);
			name = Main.storyboard;
			sourceTree = "<group>";
		};
		02419D5C249850C100BCB203 /* LaunchScreen.storyboard */ = {
			isa = PBXVariantGroup;
			children = (
				02419D5D249850C100BCB203 /* Base */,
			);
			name = LaunchScreen.storyboard;
			sourceTree = "<group>";
		};
		02419D6A249850C100BCB203 /* Main.storyboard */ = {
			isa = PBXVariantGroup;
			children = (
				02419D6B249850C100BCB203 /* Base */,
			);
			name = Main.storyboard;
			sourceTree = "<group>";
		};
/* End PBXVariantGroup section */

/* Begin XCBuildConfiguration section */
		02419D76249850C100BCB203 /* Debug */ = {
			isa = XCBuildConfiguration;
			buildSettings = {
				ALWAYS_SEARCH_USER_PATHS = NO;
				CLANG_ANALYZER_NONNULL = YES;
				CLANG_ANALYZER_NUMBER_OBJECT_CONVERSION = YES_AGGRESSIVE;
				CLANG_CXX_LANGUAGE_STANDARD = "gnu++14";
				CLANG_CXX_LIBRARY = "libc++";
				CLANG_ENABLE_MODULES = YES;
				CLANG_ENABLE_OBJC_ARC = YES;
				CLANG_ENABLE_OBJC_WEAK = YES;
				CLANG_WARN_BLOCK_CAPTURE_AUTORELEASING = YES;
				CLANG_WARN_BOOL_CONVERSION = YES;
				CLANG_WARN_COMMA = YES;
				CLANG_WARN_CONSTANT_CONVERSION = YES;
				CLANG_WARN_DEPRECATED_OBJC_IMPLEMENTATIONS = YES;
				CLANG_WARN_DIRECT_OBJC_ISA_USAGE = YES_ERROR;
				CLANG_WARN_DOCUMENTATION_COMMENTS = YES;
				CLANG_WARN_EMPTY_BODY = YES;
				CLANG_WARN_ENUM_CONVERSION = YES;
				CLANG_WARN_INFINITE_RECURSION = YES;
				CLANG_WARN_INT_CONVERSION = YES;
				CLANG_WARN_NON_LITERAL_NULL_CONVERSION = YES;
				CLANG_WARN_OBJC_IMPLICIT_RETAIN_SELF = YES;
				CLANG_WARN_OBJC_LITERAL_CONVERSION = YES;
				CLANG_WARN_OBJC_ROOT_CLASS = YES_ERROR;
				CLANG_WARN_RANGE_LOOP_ANALYSIS = YES;
				CLANG_WARN_STRICT_PROTOTYPES = YES;
				CLANG_WARN_SUSPICIOUS_MOVE = YES;
				CLANG_WARN_UNGUARDED_AVAILABILITY = YES_AGGRESSIVE;
				CLANG_WARN_UNREACHABLE_CODE = YES;
				CLANG_WARN__DUPLICATE_METHOD_MATCH = YES;
				COPY_PHASE_STRIP = NO;
				DEBUG_INFORMATION_FORMAT = dwarf;
				ENABLE_STRICT_OBJC_MSGSEND = YES;
				ENABLE_TESTABILITY = YES;
				GCC_C_LANGUAGE_STANDARD = gnu11;
				GCC_DYNAMIC_NO_PIC = NO;
				GCC_NO_COMMON_BLOCKS = YES;
				GCC_OPTIMIZATION_LEVEL = 0;
				GCC_PREPROCESSOR_DEFINITIONS = (
					"DEBUG=1",
					"$(inherited)",
				);
				GCC_WARN_64_TO_32_BIT_CONVERSION = YES;
				GCC_WARN_ABOUT_RETURN_TYPE = YES_ERROR;
				GCC_WARN_UNDECLARED_SELECTOR = YES;
				GCC_WARN_UNINITIALIZED_AUTOS = YES_AGGRESSIVE;
				GCC_WARN_UNUSED_FUNCTION = YES;
				GCC_WARN_UNUSED_VARIABLE = YES;
				MTL_ENABLE_DEBUG_INFO = INCLUDE_SOURCE;
				MTL_FAST_MATH = YES;
				ONLY_ACTIVE_ARCH = YES;
				SWIFT_ACTIVE_COMPILATION_CONDITIONS = DEBUG;
				SWIFT_OPTIMIZATION_LEVEL = "-Onone";
			};
			name = Debug;
		};
		02419D77249850C100BCB203 /* Release */ = {
			isa = XCBuildConfiguration;
			buildSettings = {
				ALWAYS_SEARCH_USER_PATHS = NO;
				CLANG_ANALYZER_NONNULL = YES;
				CLANG_ANALYZER_NUMBER_OBJECT_CONVERSION = YES_AGGRESSIVE;
				CLANG_CXX_LANGUAGE_STANDARD = "gnu++14";
				CLANG_CXX_LIBRARY = "libc++";
				CLANG_ENABLE_MODULES = YES;
				CLANG_ENABLE_OBJC_ARC = YES;
				CLANG_ENABLE_OBJC_WEAK = YES;
				CLANG_WARN_BLOCK_CAPTURE_AUTORELEASING = YES;
				CLANG_WARN_BOOL_CONVERSION = YES;
				CLANG_WARN_COMMA = YES;
				CLANG_WARN_CONSTANT_CONVERSION = YES;
				CLANG_WARN_DEPRECATED_OBJC_IMPLEMENTATIONS = YES;
				CLANG_WARN_DIRECT_OBJC_ISA_USAGE = YES_ERROR;
				CLANG_WARN_DOCUMENTATION_COMMENTS = YES;
				CLANG_WARN_EMPTY_BODY = YES;
				CLANG_WARN_ENUM_CONVERSION = YES;
				CLANG_WARN_INFINITE_RECURSION = YES;
				CLANG_WARN_INT_CONVERSION = YES;
				CLANG_WARN_NON_LITERAL_NULL_CONVERSION = YES;
				CLANG_WARN_OBJC_IMPLICIT_RETAIN_SELF = YES;
				CLANG_WARN_OBJC_LITERAL_CONVERSION = YES;
				CLANG_WARN_OBJC_ROOT_CLASS = YES_ERROR;
				CLANG_WARN_RANGE_LOOP_ANALYSIS = YES;
				CLANG_WARN_STRICT_PROTOTYPES = YES;
				CLANG_WARN_SUSPICIOUS_MOVE = YES;
				CLANG_WARN_UNGUARDED_AVAILABILITY = YES_AGGRESSIVE;
				CLANG_WARN_UNREACHABLE_CODE = YES;
				CLANG_WARN__DUPLICATE_METHOD_MATCH = YES;
				COPY_PHASE_STRIP = NO;
				DEBUG_INFORMATION_FORMAT = "dwarf-with-dsym";
				ENABLE_NS_ASSERTIONS = NO;
				ENABLE_STRICT_OBJC_MSGSEND = YES;
				GCC_C_LANGUAGE_STANDARD = gnu11;
				GCC_NO_COMMON_BLOCKS = YES;
				GCC_WARN_64_TO_32_BIT_CONVERSION = YES;
				GCC_WARN_ABOUT_RETURN_TYPE = YES_ERROR;
				GCC_WARN_UNDECLARED_SELECTOR = YES;
				GCC_WARN_UNINITIALIZED_AUTOS = YES_AGGRESSIVE;
				GCC_WARN_UNUSED_FUNCTION = YES;
				GCC_WARN_UNUSED_VARIABLE = YES;
				MTL_ENABLE_DEBUG_INFO = NO;
				MTL_FAST_MATH = YES;
				SWIFT_COMPILATION_MODE = wholemodule;
				SWIFT_OPTIMIZATION_LEVEL = "-O";
			};
			name = Release;
		};
		02419D79249850C100BCB203 /* Debug */ = {
			isa = XCBuildConfiguration;
			buildSettings = {
				ASSETCATALOG_COMPILER_APPICON_NAME = AppIcon;
				CODE_SIGN_STYLE = Automatic;
				DEVELOPMENT_TEAM = 4HWQ95CTCF;
				INFOPLIST_FILE = "BeamSeas iOS/Info.plist";
				IPHONEOS_DEPLOYMENT_TARGET = 13.4;
				LD_RUNPATH_SEARCH_PATHS = (
					"$(inherited)",
					"@executable_path/Frameworks",
				);
				PRODUCT_BUNDLE_IDENTIFIER = com.mehus.BeamSeas;
				PRODUCT_NAME = BeamSeas;
				SDKROOT = iphoneos;
				SWIFT_OBJC_BRIDGING_HEADER = "BeamSeas Shared/Shaders/ShaderTypes.h";
				SWIFT_VERSION = 5.0;
				TARGETED_DEVICE_FAMILY = "1,2";
			};
			name = Debug;
		};
		02419D7A249850C100BCB203 /* Release */ = {
			isa = XCBuildConfiguration;
			buildSettings = {
				ASSETCATALOG_COMPILER_APPICON_NAME = AppIcon;
				CODE_SIGN_STYLE = Automatic;
				DEVELOPMENT_TEAM = 4HWQ95CTCF;
				INFOPLIST_FILE = "BeamSeas iOS/Info.plist";
				IPHONEOS_DEPLOYMENT_TARGET = 13.4;
				LD_RUNPATH_SEARCH_PATHS = (
					"$(inherited)",
					"@executable_path/Frameworks",
				);
				PRODUCT_BUNDLE_IDENTIFIER = com.mehus.BeamSeas;
				PRODUCT_NAME = BeamSeas;
				SDKROOT = iphoneos;
				SWIFT_OBJC_BRIDGING_HEADER = "BeamSeas Shared/Shaders/ShaderTypes.h";
				SWIFT_VERSION = 5.0;
				TARGETED_DEVICE_FAMILY = "1,2";
				VALIDATE_PRODUCT = YES;
			};
			name = Release;
		};
		02419D7C249850C100BCB203 /* Debug */ = {
			isa = XCBuildConfiguration;
			buildSettings = {
				ASSETCATALOG_COMPILER_APPICON_NAME = AppIcon;
				CODE_SIGN_STYLE = Automatic;
				COMBINE_HIDPI_IMAGES = YES;
				DEVELOPMENT_TEAM = 4HWQ95CTCF;
				ENABLE_HARDENED_RUNTIME = YES;
				INFOPLIST_FILE = "BeamSeas macOS/Info.plist";
				LD_RUNPATH_SEARCH_PATHS = (
					"$(inherited)",
					"@executable_path/../Frameworks",
				);
				MACOSX_DEPLOYMENT_TARGET = 10.15;
				PRODUCT_BUNDLE_IDENTIFIER = com.mehus.BeamSeas;
				PRODUCT_NAME = BeamSeas;
				SDKROOT = macosx;
				SWIFT_OBJC_BRIDGING_HEADER = "BeamSeas Shared/Shaders/ShaderTypes.h";
				SWIFT_VERSION = 5.0;
			};
			name = Debug;
		};
		02419D7D249850C100BCB203 /* Release */ = {
			isa = XCBuildConfiguration;
			buildSettings = {
				ASSETCATALOG_COMPILER_APPICON_NAME = AppIcon;
				CODE_SIGN_STYLE = Automatic;
				COMBINE_HIDPI_IMAGES = YES;
				DEVELOPMENT_TEAM = 4HWQ95CTCF;
				ENABLE_HARDENED_RUNTIME = YES;
				INFOPLIST_FILE = "BeamSeas macOS/Info.plist";
				LD_RUNPATH_SEARCH_PATHS = (
					"$(inherited)",
					"@executable_path/../Frameworks",
				);
				MACOSX_DEPLOYMENT_TARGET = 10.15;
				PRODUCT_BUNDLE_IDENTIFIER = com.mehus.BeamSeas;
				PRODUCT_NAME = BeamSeas;
				SDKROOT = macosx;
				SWIFT_OBJC_BRIDGING_HEADER = "BeamSeas Shared/Shaders/ShaderTypes.h";
				SWIFT_VERSION = 5.0;
			};
			name = Release;
		};
/* End XCBuildConfiguration section */

/* Begin XCConfigurationList section */
		02419D48249850BE00BCB203 /* Build configuration list for PBXProject "BeamSeas" */ = {
			isa = XCConfigurationList;
			buildConfigurations = (
				02419D76249850C100BCB203 /* Debug */,
				02419D77249850C100BCB203 /* Release */,
			);
			defaultConfigurationIsVisible = 0;
			defaultConfigurationName = Release;
		};
		02419D78249850C100BCB203 /* Build configuration list for PBXNativeTarget "BeamSeas iOS" */ = {
			isa = XCConfigurationList;
			buildConfigurations = (
				02419D79249850C100BCB203 /* Debug */,
				02419D7A249850C100BCB203 /* Release */,
			);
			defaultConfigurationIsVisible = 0;
			defaultConfigurationName = Release;
		};
		02419D7B249850C100BCB203 /* Build configuration list for PBXNativeTarget "BeamSeas macOS" */ = {
			isa = XCConfigurationList;
			buildConfigurations = (
				02419D7C249850C100BCB203 /* Debug */,
				02419D7D249850C100BCB203 /* Release */,
			);
			defaultConfigurationIsVisible = 0;
			defaultConfigurationName = Release;
		};
/* End XCConfigurationList section */
	};
	rootObject = 02419D45249850BE00BCB203 /* Project object */;
}
